// !$*UTF8*$!
{
	archiveVersion = 1;
	classes = {
	};
	objectVersion = 50;
	objects = {

/* Begin PBXBuildFile section */
		9C2AB195246D1DBE007AD46F /* AppDelegate.swift in Sources */ = {isa = PBXBuildFile; fileRef = 9C2AB194246D1DBE007AD46F /* AppDelegate.swift */; };
		9C2AB197246D1DBE007AD46F /* SceneDelegate.swift in Sources */ = {isa = PBXBuildFile; fileRef = 9C2AB196246D1DBE007AD46F /* SceneDelegate.swift */; };
		9C2AB199246D1DBE007AD46F /* ViewController.swift in Sources */ = {isa = PBXBuildFile; fileRef = 9C2AB198246D1DBE007AD46F /* ViewController.swift */; };
		9C2AB19C246D1DBE007AD46F /* Main.storyboard in Resources */ = {isa = PBXBuildFile; fileRef = 9C2AB19A246D1DBE007AD46F /* Main.storyboard */; };
		9C2AB19E246D1DC1007AD46F /* Assets.xcassets in Resources */ = {isa = PBXBuildFile; fileRef = 9C2AB19D246D1DC1007AD46F /* Assets.xcassets */; };
		9C2AB1A1246D1DC1007AD46F /* LaunchScreen.storyboard in Resources */ = {isa = PBXBuildFile; fileRef = 9C2AB19F246D1DC1007AD46F /* LaunchScreen.storyboard */; };
		9C2AB1AC246D1DC1007AD46F /* PhotoMasterTests.swift in Sources */ = {isa = PBXBuildFile; fileRef = 9C2AB1AB246D1DC1007AD46F /* PhotoMasterTests.swift */; };
		9C2AB1B7246D1DC1007AD46F /* PhotoMasterUITests.swift in Sources */ = {isa = PBXBuildFile; fileRef = 9C2AB1B6246D1DC1007AD46F /* PhotoMasterUITests.swift */; };
/* End PBXBuildFile section */

/* Begin PBXContainerItemProxy section */
		9C2AB1A8246D1DC1007AD46F /* PBXContainerItemProxy */ = {
			isa = PBXContainerItemProxy;
			containerPortal = 9C2AB189246D1DBE007AD46F /* Project object */;
			proxyType = 1;
			remoteGlobalIDString = 9C2AB190246D1DBE007AD46F;
			remoteInfo = PhotoMaster;
		};
		9C2AB1B3246D1DC1007AD46F /* PBXContainerItemProxy */ = {
			isa = PBXContainerItemProxy;
			containerPortal = 9C2AB189246D1DBE007AD46F /* Project object */;
			proxyType = 1;
			remoteGlobalIDString = 9C2AB190246D1DBE007AD46F;
			remoteInfo = PhotoMaster;
		};
/* End PBXContainerItemProxy section */

/* Begin PBXFileReference section */
		9C2AB191246D1DBE007AD46F /* PhotoMaster.app */ = {isa = PBXFileReference; explicitFileType = wrapper.application; includeInIndex = 0; path = PhotoMaster.app; sourceTree = BUILT_PRODUCTS_DIR; };
		9C2AB194246D1DBE007AD46F /* AppDelegate.swift */ = {isa = PBXFileReference; lastKnownFileType = sourcecode.swift; path = AppDelegate.swift; sourceTree = "<group>"; };
		9C2AB196246D1DBE007AD46F /* SceneDelegate.swift */ = {isa = PBXFileReference; lastKnownFileType = sourcecode.swift; path = SceneDelegate.swift; sourceTree = "<group>"; };
		9C2AB198246D1DBE007AD46F /* ViewController.swift */ = {isa = PBXFileReference; lastKnownFileType = sourcecode.swift; path = ViewController.swift; sourceTree = "<group>"; };
		9C2AB19B246D1DBE007AD46F /* Base */ = {isa = PBXFileReference; lastKnownFileType = file.storyboard; name = Base; path = Base.lproj/Main.storyboard; sourceTree = "<group>"; };
		9C2AB19D246D1DC1007AD46F /* Assets.xcassets */ = {isa = PBXFileReference; lastKnownFileType = folder.assetcatalog; path = Assets.xcassets; sourceTree = "<group>"; };
		9C2AB1A0246D1DC1007AD46F /* Base */ = {isa = PBXFileReference; lastKnownFileType = file.storyboard; name = Base; path = Base.lproj/LaunchScreen.storyboard; sourceTree = "<group>"; };
		9C2AB1A2246D1DC1007AD46F /* Info.plist */ = {isa = PBXFileReference; lastKnownFileType = text.plist.xml; path = Info.plist; sourceTree = "<group>"; };
		9C2AB1A7246D1DC1007AD46F /* PhotoMasterTests.xctest */ = {isa = PBXFileReference; explicitFileType = wrapper.cfbundle; includeInIndex = 0; path = PhotoMasterTests.xctest; sourceTree = BUILT_PRODUCTS_DIR; };
		9C2AB1AB246D1DC1007AD46F /* PhotoMasterTests.swift */ = {isa = PBXFileReference; lastKnownFileType = sourcecode.swift; path = PhotoMasterTests.swift; sourceTree = "<group>"; };
		9C2AB1AD246D1DC1007AD46F /* Info.plist */ = {isa = PBXFileReference; lastKnownFileType = text.plist.xml; path = Info.plist; sourceTree = "<group>"; };
		9C2AB1B2246D1DC1007AD46F /* PhotoMasterUITests.xctest */ = {isa = PBXFileReference; explicitFileType = wrapper.cfbundle; includeInIndex = 0; path = PhotoMasterUITests.xctest; sourceTree = BUILT_PRODUCTS_DIR; };
		9C2AB1B6246D1DC1007AD46F /* PhotoMasterUITests.swift */ = {isa = PBXFileReference; lastKnownFileType = sourcecode.swift; path = PhotoMasterUITests.swift; sourceTree = "<group>"; };
		9C2AB1B8246D1DC1007AD46F /* Info.plist */ = {isa = PBXFileReference; lastKnownFileType = text.plist.xml; path = Info.plist; sourceTree = "<group>"; };
/* End PBXFileReference section */

/* Begin PBXFrameworksBuildPhase section */
		9C2AB18E246D1DBE007AD46F /* Frameworks */ = {
			isa = PBXFrameworksBuildPhase;
			buildActionMask = 2147483647;
			files = (
			);
			runOnlyForDeploymentPostprocessing = 0;
		};
		9C2AB1A4246D1DC1007AD46F /* Frameworks */ = {
			isa = PBXFrameworksBuildPhase;
			buildActionMask = 2147483647;
			files = (
			);
			runOnlyForDeploymentPostprocessing = 0;
		};
		9C2AB1AF246D1DC1007AD46F /* Frameworks */ = {
			isa = PBXFrameworksBuildPhase;
			buildActionMask = 2147483647;
			files = (
			);
			runOnlyForDeploymentPostprocessing = 0;
		};
/* End PBXFrameworksBuildPhase section */

/* Begin PBXGroup section */
		9C2AB188246D1DBE007AD46F = {
			isa = PBXGroup;
			children = (
				9C2AB193246D1DBE007AD46F /* PhotoMaster */,
				9C2AB1AA246D1DC1007AD46F /* PhotoMasterTests */,
				9C2AB1B5246D1DC1007AD46F /* PhotoMasterUITests */,
				9C2AB192246D1DBE007AD46F /* Products */,
			);
			sourceTree = "<group>";
		};
		9C2AB192246D1DBE007AD46F /* Products */ = {
			isa = PBXGroup;
			children = (
				9C2AB191246D1DBE007AD46F /* PhotoMaster.app */,
				9C2AB1A7246D1DC1007AD46F /* PhotoMasterTests.xctest */,
				9C2AB1B2246D1DC1007AD46F /* PhotoMasterUITests.xctest */,
			);
			name = Products;
			sourceTree = "<group>";
		};
		9C2AB193246D1DBE007AD46F /* PhotoMaster */ = {
			isa = PBXGroup;
			children = (
				9C2AB194246D1DBE007AD46F /* AppDelegate.swift */,
				9C2AB196246D1DBE007AD46F /* SceneDelegate.swift */,
				9C2AB198246D1DBE007AD46F /* ViewController.swift */,
				9C2AB19A246D1DBE007AD46F /* Main.storyboard */,
				9C2AB19D246D1DC1007AD46F /* Assets.xcassets */,
				9C2AB19F246D1DC1007AD46F /* LaunchScreen.storyboard */,
				9C2AB1A2246D1DC1007AD46F /* Info.plist */,
			);
			path = PhotoMaster;
			sourceTree = "<group>";
		};
		9C2AB1AA246D1DC1007AD46F /* PhotoMasterTests */ = {
			isa = PBXGroup;
			children = (
				9C2AB1AB246D1DC1007AD46F /* PhotoMasterTests.swift */,
				9C2AB1AD246D1DC1007AD46F /* Info.plist */,
			);
			path = PhotoMasterTests;
			sourceTree = "<group>";
		};
		9C2AB1B5246D1DC1007AD46F /* PhotoMasterUITests */ = {
			isa = PBXGroup;
			children = (
				9C2AB1B6246D1DC1007AD46F /* PhotoMasterUITests.swift */,
				9C2AB1B8246D1DC1007AD46F /* Info.plist */,
			);
			path = PhotoMasterUITests;
			sourceTree = "<group>";
		};
/* End PBXGroup section */

/* Begin PBXNativeTarget section */
		9C2AB190246D1DBE007AD46F /* PhotoMaster */ = {
			isa = PBXNativeTarget;
			buildConfigurationList = 9C2AB1BB246D1DC1007AD46F /* Build configuration list for PBXNativeTarget "PhotoMaster" */;
			buildPhases = (
				9C2AB18D246D1DBE007AD46F /* Sources */,
				9C2AB18E246D1DBE007AD46F /* Frameworks */,
				9C2AB18F246D1DBE007AD46F /* Resources */,
			);
			buildRules = (
			);
			dependencies = (
			);
			name = PhotoMaster;
			productName = PhotoMaster;
			productReference = 9C2AB191246D1DBE007AD46F /* PhotoMaster.app */;
			productType = "com.apple.product-type.application";
		};
		9C2AB1A6246D1DC1007AD46F /* PhotoMasterTests */ = {
			isa = PBXNativeTarget;
			buildConfigurationList = 9C2AB1BE246D1DC1007AD46F /* Build configuration list for PBXNativeTarget "PhotoMasterTests" */;
			buildPhases = (
				9C2AB1A3246D1DC1007AD46F /* Sources */,
				9C2AB1A4246D1DC1007AD46F /* Frameworks */,
				9C2AB1A5246D1DC1007AD46F /* Resources */,
			);
			buildRules = (
			);
			dependencies = (
				9C2AB1A9246D1DC1007AD46F /* PBXTargetDependency */,
			);
			name = PhotoMasterTests;
			productName = PhotoMasterTests;
			productReference = 9C2AB1A7246D1DC1007AD46F /* PhotoMasterTests.xctest */;
			productType = "com.apple.product-type.bundle.unit-test";
		};
		9C2AB1B1246D1DC1007AD46F /* PhotoMasterUITests */ = {
			isa = PBXNativeTarget;
			buildConfigurationList = 9C2AB1C1246D1DC1007AD46F /* Build configuration list for PBXNativeTarget "PhotoMasterUITests" */;
			buildPhases = (
				9C2AB1AE246D1DC1007AD46F /* Sources */,
				9C2AB1AF246D1DC1007AD46F /* Frameworks */,
				9C2AB1B0246D1DC1007AD46F /* Resources */,
			);
			buildRules = (
			);
			dependencies = (
				9C2AB1B4246D1DC1007AD46F /* PBXTargetDependency */,
			);
			name = PhotoMasterUITests;
			productName = PhotoMasterUITests;
			productReference = 9C2AB1B2246D1DC1007AD46F /* PhotoMasterUITests.xctest */;
			productType = "com.apple.product-type.bundle.ui-testing";
		};
/* End PBXNativeTarget section */

/* Begin PBXProject section */
		9C2AB189246D1DBE007AD46F /* Project object */ = {
			isa = PBXProject;
			attributes = {
				LastSwiftUpdateCheck = 1140;
				LastUpgradeCheck = 1140;
				ORGANIZATIONNAME = "松島優希";
				TargetAttributes = {
					9C2AB190246D1DBE007AD46F = {
						CreatedOnToolsVersion = 11.4.1;
					};
					9C2AB1A6246D1DC1007AD46F = {
						CreatedOnToolsVersion = 11.4.1;
						TestTargetID = 9C2AB190246D1DBE007AD46F;
					};
					9C2AB1B1246D1DC1007AD46F = {
						CreatedOnToolsVersion = 11.4.1;
						TestTargetID = 9C2AB190246D1DBE007AD46F;
					};
				};
			};
			buildConfigurationList = 9C2AB18C246D1DBE007AD46F /* Build configuration list for PBXProject "PhotoMaster" */;
			compatibilityVersion = "Xcode 9.3";
			developmentRegion = en;
			hasScannedForEncodings = 0;
			knownRegions = (
				en,
				Base,
			);
			mainGroup = 9C2AB188246D1DBE007AD46F;
			productRefGroup = 9C2AB192246D1DBE007AD46F /* Products */;
			projectDirPath = "";
			projectRoot = "";
			targets = (
				9C2AB190246D1DBE007AD46F /* PhotoMaster */,
				9C2AB1A6246D1DC1007AD46F /* PhotoMasterTests */,
				9C2AB1B1246D1DC1007AD46F /* PhotoMasterUITests */,
			);
		};
/* End PBXProject section */

/* Begin PBXResourcesBuildPhase section */
		9C2AB18F246D1DBE007AD46F /* Resources */ = {
			isa = PBXResourcesBuildPhase;
			buildActionMask = 2147483647;
			files = (
				9C2AB1A1246D1DC1007AD46F /* LaunchScreen.storyboard in Resources */,
				9C2AB19E246D1DC1007AD46F /* Assets.xcassets in Resources */,
				9C2AB19C246D1DBE007AD46F /* Main.storyboard in Resources */,
			);
			runOnlyForDeploymentPostprocessing = 0;
		};
		9C2AB1A5246D1DC1007AD46F /* Resources */ = {
			isa = PBXResourcesBuildPhase;
			buildActionMask = 2147483647;
			files = (
			);
			runOnlyForDeploymentPostprocessing = 0;
		};
		9C2AB1B0246D1DC1007AD46F /* Resources */ = {
			isa = PBXResourcesBuildPhase;
			buildActionMask = 2147483647;
			files = (
			);
			runOnlyForDeploymentPostprocessing = 0;
		};
/* End PBXResourcesBuildPhase section */

/* Begin PBXSourcesBuildPhase section */
		9C2AB18D246D1DBE007AD46F /* Sources */ = {
			isa = PBXSourcesBuildPhase;
			buildActionMask = 2147483647;
			files = (
				9C2AB199246D1DBE007AD46F /* ViewController.swift in Sources */,
				9C2AB195246D1DBE007AD46F /* AppDelegate.swift in Sources */,
				9C2AB197246D1DBE007AD46F /* SceneDelegate.swift in Sources */,
			);
			runOnlyForDeploymentPostprocessing = 0;
		};
		9C2AB1A3246D1DC1007AD46F /* Sources */ = {
			isa = PBXSourcesBuildPhase;
			buildActionMask = 2147483647;
			files = (
				9C2AB1AC246D1DC1007AD46F /* PhotoMasterTests.swift in Sources */,
			);
			runOnlyForDeploymentPostprocessing = 0;
		};
		9C2AB1AE246D1DC1007AD46F /* Sources */ = {
			isa = PBXSourcesBuildPhase;
			buildActionMask = 2147483647;
			files = (
				9C2AB1B7246D1DC1007AD46F /* PhotoMasterUITests.swift in Sources */,
			);
			runOnlyForDeploymentPostprocessing = 0;
		};
/* End PBXSourcesBuildPhase section */

/* Begin PBXTargetDependency section */
		9C2AB1A9246D1DC1007AD46F /* PBXTargetDependency */ = {
			isa = PBXTargetDependency;
			target = 9C2AB190246D1DBE007AD46F /* PhotoMaster */;
			targetProxy = 9C2AB1A8246D1DC1007AD46F /* PBXContainerItemProxy */;
		};
		9C2AB1B4246D1DC1007AD46F /* PBXTargetDependency */ = {
			isa = PBXTargetDependency;
			target = 9C2AB190246D1DBE007AD46F /* PhotoMaster */;
			targetProxy = 9C2AB1B3246D1DC1007AD46F /* PBXContainerItemProxy */;
		};
/* End PBXTargetDependency section */

/* Begin PBXVariantGroup section */
		9C2AB19A246D1DBE007AD46F /* Main.storyboard */ = {
			isa = PBXVariantGroup;
			children = (
				9C2AB19B246D1DBE007AD46F /* Base */,
			);
			name = Main.storyboard;
			sourceTree = "<group>";
		};
		9C2AB19F246D1DC1007AD46F /* LaunchScreen.storyboard */ = {
			isa = PBXVariantGroup;
			children = (
				9C2AB1A0246D1DC1007AD46F /* Base */,
			);
			name = LaunchScreen.storyboard;
			sourceTree = "<group>";
		};
/* End PBXVariantGroup section */

/* Begin XCBuildConfiguration section */
		9C2AB1B9246D1DC1007AD46F /* Debug */ = {
			isa = XCBuildConfiguration;
			buildSettings = {
				ALWAYS_SEARCH_USER_PATHS = NO;
				CLANG_ANALYZER_NONNULL = YES;
				CLANG_ANALYZER_NUMBER_OBJECT_CONVERSION = YES_AGGRESSIVE;
				CLANG_CXX_LANGUAGE_STANDARD = "gnu++14";
				CLANG_CXX_LIBRARY = "libc++";
				CLANG_ENABLE_MODULES = YES;
				CLANG_ENABLE_OBJC_ARC = YES;
				CLANG_ENABLE_OBJC_WEAK = YES;
				CLANG_WARN_BLOCK_CAPTURE_AUTORELEASING = YES;
				CLANG_WARN_BOOL_CONVERSION = YES;
				CLANG_WARN_COMMA = YES;
				CLANG_WARN_CONSTANT_CONVERSION = YES;
				CLANG_WARN_DEPRECATED_OBJC_IMPLEMENTATIONS = YES;
				CLANG_WARN_DIRECT_OBJC_ISA_USAGE = YES_ERROR;
				CLANG_WARN_DOCUMENTATION_COMMENTS = YES;
				CLANG_WARN_EMPTY_BODY = YES;
				CLANG_WARN_ENUM_CONVERSION = YES;
				CLANG_WARN_INFINITE_RECURSION = YES;
				CLANG_WARN_INT_CONVERSION = YES;
				CLANG_WARN_NON_LITERAL_NULL_CONVERSION = YES;
				CLANG_WARN_OBJC_IMPLICIT_RETAIN_SELF = YES;
				CLANG_WARN_OBJC_LITERAL_CONVERSION = YES;
				CLANG_WARN_OBJC_ROOT_CLASS = YES_ERROR;
				CLANG_WARN_RANGE_LOOP_ANALYSIS = YES;
				CLANG_WARN_STRICT_PROTOTYPES = YES;
				CLANG_WARN_SUSPICIOUS_MOVE = YES;
				CLANG_WARN_UNGUARDED_AVAILABILITY = YES_AGGRESSIVE;
				CLANG_WARN_UNREACHABLE_CODE = YES;
				CLANG_WARN__DUPLICATE_METHOD_MATCH = YES;
				COPY_PHASE_STRIP = NO;
				DEBUG_INFORMATION_FORMAT = dwarf;
				ENABLE_STRICT_OBJC_MSGSEND = YES;
				ENABLE_TESTABILITY = YES;
				GCC_C_LANGUAGE_STANDARD = gnu11;
				GCC_DYNAMIC_NO_PIC = NO;
				GCC_NO_COMMON_BLOCKS = YES;
				GCC_OPTIMIZATION_LEVEL = 0;
				GCC_PREPROCESSOR_DEFINITIONS = (
					"DEBUG=1",
					"$(inherited)",
				);
				GCC_WARN_64_TO_32_BIT_CONVERSION = YES;
				GCC_WARN_ABOUT_RETURN_TYPE = YES_ERROR;
				GCC_WARN_UNDECLARED_SELECTOR = YES;
				GCC_WARN_UNINITIALIZED_AUTOS = YES_AGGRESSIVE;
				GCC_WARN_UNUSED_FUNCTION = YES;
				GCC_WARN_UNUSED_VARIABLE = YES;
				IPHONEOS_DEPLOYMENT_TARGET = 13.4;
				MTL_ENABLE_DEBUG_INFO = INCLUDE_SOURCE;
				MTL_FAST_MATH = YES;
				ONLY_ACTIVE_ARCH = YES;
				SDKROOT = iphoneos;
				SWIFT_ACTIVE_COMPILATION_CONDITIONS = DEBUG;
				SWIFT_OPTIMIZATION_LEVEL = "-Onone";
			};
			name = Debug;
		};
		9C2AB1BA246D1DC1007AD46F /* Release */ = {
			isa = XCBuildConfiguration;
			buildSettings = {
				ALWAYS_SEARCH_USER_PATHS = NO;
				CLANG_ANALYZER_NONNULL = YES;
				CLANG_ANALYZER_NUMBER_OBJECT_CONVERSION = YES_AGGRESSIVE;
				CLANG_CXX_LANGUAGE_STANDARD = "gnu++14";
				CLANG_CXX_LIBRARY = "libc++";
				CLANG_ENABLE_MODULES = YES;
				CLANG_ENABLE_OBJC_ARC = YES;
				CLANG_ENABLE_OBJC_WEAK = YES;
				CLANG_WARN_BLOCK_CAPTURE_AUTORELEASING = YES;
				CLANG_WARN_BOOL_CONVERSION = YES;
				CLANG_WARN_COMMA = YES;
				CLANG_WARN_CONSTANT_CONVERSION = YES;
				CLANG_WARN_DEPRECATED_OBJC_IMPLEMENTATIONS = YES;
				CLANG_WARN_DIRECT_OBJC_ISA_USAGE = YES_ERROR;
				CLANG_WARN_DOCUMENTATION_COMMENTS = YES;
				CLANG_WARN_EMPTY_BODY = YES;
				CLANG_WARN_ENUM_CONVERSION = YES;
				CLANG_WARN_INFINITE_RECURSION = YES;
				CLANG_WARN_INT_CONVERSION = YES;
				CLANG_WARN_NON_LITERAL_NULL_CONVERSION = YES;
				CLANG_WARN_OBJC_IMPLICIT_RETAIN_SELF = YES;
				CLANG_WARN_OBJC_LITERAL_CONVERSION = YES;
				CLANG_WARN_OBJC_ROOT_CLASS = YES_ERROR;
				CLANG_WARN_RANGE_LOOP_ANALYSIS = YES;
				CLANG_WARN_STRICT_PROTOTYPES = YES;
				CLANG_WARN_SUSPICIOUS_MOVE = YES;
				CLANG_WARN_UNGUARDED_AVAILABILITY = YES_AGGRESSIVE;
				CLANG_WARN_UNREACHABLE_CODE = YES;
				CLANG_WARN__DUPLICATE_METHOD_MATCH = YES;
				COPY_PHASE_STRIP = NO;
				DEBUG_INFORMATION_FORMAT = "dwarf-with-dsym";
				ENABLE_NS_ASSERTIONS = NO;
				ENABLE_STRICT_OBJC_MSGSEND = YES;
				GCC_C_LANGUAGE_STANDARD = gnu11;
				GCC_NO_COMMON_BLOCKS = YES;
				GCC_WARN_64_TO_32_BIT_CONVERSION = YES;
				GCC_WARN_ABOUT_RETURN_TYPE = YES_ERROR;
				GCC_WARN_UNDECLARED_SELECTOR = YES;
				GCC_WARN_UNINITIALIZED_AUTOS = YES_AGGRESSIVE;
				GCC_WARN_UNUSED_FUNCTION = YES;
				GCC_WARN_UNUSED_VARIABLE = YES;
				IPHONEOS_DEPLOYMENT_TARGET = 13.4;
				MTL_ENABLE_DEBUG_INFO = NO;
				MTL_FAST_MATH = YES;
				SDKROOT = iphoneos;
				SWIFT_COMPILATION_MODE = wholemodule;
				SWIFT_OPTIMIZATION_LEVEL = "-O";
				VALIDATE_PRODUCT = YES;
			};
			name = Release;
		};
		9C2AB1BC246D1DC1007AD46F /* Debug */ = {
			isa = XCBuildConfiguration;
			buildSettings = {
				ASSETCATALOG_COMPILER_APPICON_NAME = AppIcon;
				CODE_SIGN_STYLE = Automatic;
				DEVELOPMENT_TEAM = 9DC67NVFSC;
				INFOPLIST_FILE = PhotoMaster/Info.plist;
				LD_RUNPATH_SEARCH_PATHS = (
					"$(inherited)",
					"@executable_path/Frameworks",
				);
				PRODUCT_BUNDLE_IDENTIFIER = app.matsushima.mukku.PhotoMaster;
				PRODUCT_NAME = "$(TARGET_NAME)";
				SWIFT_VERSION = 5.0;
				TARGETED_DEVICE_FAMILY = "1,2";
			};
			name = Debug;
		};
		9C2AB1BD246D1DC1007AD46F /* Release */ = {
			isa = XCBuildConfiguration;
			buildSettings = {
				ASSETCATALOG_COMPILER_APPICON_NAME = AppIcon;
				CODE_SIGN_STYLE = Automatic;
				DEVELOPMENT_TEAM = 9DC67NVFSC;
				INFOPLIST_FILE = PhotoMaster/Info.plist;
				LD_RUNPATH_SEARCH_PATHS = (
					"$(inherited)",
					"@executable_path/Frameworks",
				);
				PRODUCT_BUNDLE_IDENTIFIER = app.matsushima.mukku.PhotoMaster;
				PRODUCT_NAME = "$(TARGET_NAME)";
				SWIFT_VERSION = 5.0;
				TARGETED_DEVICE_FAMILY = "1,2";
			};
			name = Release;
		};
		9C2AB1BF246D1DC1007AD46F /* Debug */ = {
			isa = XCBuildConfiguration;
			buildSettings = {
				ALWAYS_EMBED_SWIFT_STANDARD_LIBRARIES = YES;
				BUNDLE_LOADER = "$(TEST_HOST)";
				CODE_SIGN_STYLE = Automatic;
				DEVELOPMENT_TEAM = 9DC67NVFSC;
				INFOPLIST_FILE = PhotoMasterTests/Info.plist;
				IPHONEOS_DEPLOYMENT_TARGET = 13.4;
				LD_RUNPATH_SEARCH_PATHS = (
					"$(inherited)",
					"@executable_path/Frameworks",
					"@loader_path/Frameworks",
				);
				PRODUCT_BUNDLE_IDENTIFIER = app.matsushima.mukku.PhotoMasterTests;
				PRODUCT_NAME = "$(TARGET_NAME)";
				SWIFT_VERSION = 5.0;
				TARGETED_DEVICE_FAMILY = "1,2";
				TEST_HOST = "$(BUILT_PRODUCTS_DIR)/PhotoMaster.app/PhotoMaster";
			};
			name = Debug;
		};
		9C2AB1C0246D1DC1007AD46F /* Release */ = {
			isa = XCBuildConfiguration;
			buildSettings = {
				ALWAYS_EMBED_SWIFT_STANDARD_LIBRARIES = YES;
				BUNDLE_LOADER = "$(TEST_HOST)";
				CODE_SIGN_STYLE = Automatic;
				DEVELOPMENT_TEAM = 9DC67NVFSC;
				INFOPLIST_FILE = PhotoMasterTests/Info.plist;
				IPHONEOS_DEPLOYMENT_TARGET = 13.4;
				LD_RUNPATH_SEARCH_PATHS = (
					"$(inherited)",
					"@executable_path/Frameworks",
					"@loader_path/Frameworks",
				);
				PRODUCT_BUNDLE_IDENTIFIER = app.matsushima.mukku.PhotoMasterTests;
				PRODUCT_NAME = "$(TARGET_NAME)";
				SWIFT_VERSION = 5.0;
				TARGETED_DEVICE_FAMILY = "1,2";
				TEST_HOST = "$(BUILT_PRODUCTS_DIR)/PhotoMaster.app/PhotoMaster";
			};
			name = Release;
		};
		9C2AB1C2246D1DC1007AD46F /* Debug */ = {
			isa = XCBuildConfiguration;
			buildSettings = {
				ALWAYS_EMBED_SWIFT_STANDARD_LIBRARIES = YES;
				CODE_SIGN_STYLE = Automatic;
				DEVELOPMENT_TEAM = 9DC67NVFSC;
				INFOPLIST_FILE = PhotoMasterUITests/Info.plist;
				LD_RUNPATH_SEARCH_PATHS = (
					"$(inherited)",
					"@executable_path/Frameworks",
					"@loader_path/Frameworks",
				);
				PRODUCT_BUNDLE_IDENTIFIER = app.matsushima.mukku.PhotoMasterUITests;
				PRODUCT_NAME = "$(TARGET_NAME)";
				SWIFT_VERSION = 5.0;
				TARGETED_DEVICE_FAMILY = "1,2";
				TEST_TARGET_NAME = PhotoMaster;
			};
			name = Debug;
		};
		9C2AB1C3246D1DC1007AD46F /* Release */ = {
			isa = XCBuildConfiguration;
			buildSettings = {
				ALWAYS_EMBED_SWIFT_STANDARD_LIBRARIES = YES;
				CODE_SIGN_STYLE = Automatic;
				DEVELOPMENT_TEAM = 9DC67NVFSC;
				INFOPLIST_FILE = PhotoMasterUITests/Info.plist;
				LD_RUNPATH_SEARCH_PATHS = (
					"$(inherited)",
					"@executable_path/Frameworks",
					"@loader_path/Frameworks",
				);
				PRODUCT_BUNDLE_IDENTIFIER = app.matsushima.mukku.PhotoMasterUITests;
				PRODUCT_NAME = "$(TARGET_NAME)";
				SWIFT_VERSION = 5.0;
				TARGETED_DEVICE_FAMILY = "1,2";
				TEST_TARGET_NAME = PhotoMaster;
			};
			name = Release;
		};
/* End XCBuildConfiguration section */

/* Begin XCConfigurationList section */
		9C2AB18C246D1DBE007AD46F /* Build configuration list for PBXProject "PhotoMaster" */ = {
			isa = XCConfigurationList;
			buildConfigurations = (
				9C2AB1B9246D1DC1007AD46F /* Debug */,
				9C2AB1BA246D1DC1007AD46F /* Release */,
			);
			defaultConfigurationIsVisible = 0;
			defaultConfigurationName = Release;
		};
		9C2AB1BB246D1DC1007AD46F /* Build configuration list for PBXNativeTarget "PhotoMaster" */ = {
			isa = XCConfigurationList;
			buildConfigurations = (
				9C2AB1BC246D1DC1007AD46F /* Debug */,
				9C2AB1BD246D1DC1007AD46F /* Release */,
			);
			defaultConfigurationIsVisible = 0;
			defaultConfigurationName = Release;
		};
		9C2AB1BE246D1DC1007AD46F /* Build configuration list for PBXNativeTarget "PhotoMasterTests" */ = {
			isa = XCConfigurationList;
			buildConfigurations = (
				9C2AB1BF246D1DC1007AD46F /* Debug */,
				9C2AB1C0246D1DC1007AD46F /* Release */,
			);
			defaultConfigurationIsVisible = 0;
			defaultConfigurationName = Release;
		};
		9C2AB1C1246D1DC1007AD46F /* Build configuration list for PBXNativeTarget "PhotoMasterUITests" */ = {
			isa = XCConfigurationList;
			buildConfigurations = (
				9C2AB1C2246D1DC1007AD46F /* Debug */,
				9C2AB1C3246D1DC1007AD46F /* Release */,
			);
			defaultConfigurationIsVisible = 0;
			defaultConfigurationName = Release;
		};
/* End XCConfigurationList section */
	};
	rootObject = 9C2AB189246D1DBE007AD46F /* Project object */;
}
